{
    "_meta": {
        "hash": {
            "sha256": "7e2e39dcf7c0d1d35e37a10ac72e24bcfca0fc2a72741fa6094c946870b5ae73"
        },
        "host-environment-markers": {
            "implementation_name": "cpython",
            "implementation_version": "3.6.2",
            "os_name": "posix",
            "platform_machine": "x86_64",
            "platform_python_implementation": "CPython",
            "platform_release": "17.0.0",
            "platform_system": "Darwin",
            "platform_version": "Darwin Kernel Version 17.0.0: Thu Aug 24 21:48:19 PDT 2017; root:xnu-4570.1.46~2/RELEASE_X86_64",
            "python_full_version": "3.6.2",
            "python_version": "3.6",
            "sys_platform": "darwin"
        },
        "pipfile-spec": 6,
        "requires": {},
        "sources": [
            {
                "name": "pypi",
                "url": "https://pypi.python.org/simple",
                "verify_ssl": true
            }
        ]
    },
    "default": {
        "pika": {
            "hashes": [
                "sha256:4bff8f1b8f0db97a021c0df97afa093e8d291bd0ae1f75cd55961614619b6382",
                "sha256:b87fd6b339450f531b8cba3bc02d8448cab15798032c02b7601367d09abc3818"
            ],
            "version": "==0.11.0"
        }
    },
    "develop": {}
}
